// !$*UTF8*$!
{
	archiveVersion = 1;
	classes = {
	};
	objectVersion = 50;
	objects = {

/* Begin PBXBuildFile section */
		16801DFB232EDDE3003CED32 /* AppDelegate.swift in Sources */ = {isa = PBXBuildFile; fileRef = 16801DFA232EDDE3003CED32 /* AppDelegate.swift */; };
		16801DFD232EDDE3003CED32 /* SceneDelegate.swift in Sources */ = {isa = PBXBuildFile; fileRef = 16801DFC232EDDE3003CED32 /* SceneDelegate.swift */; };
		16801DFF232EDDE3003CED32 /* ViewController.swift in Sources */ = {isa = PBXBuildFile; fileRef = 16801DFE232EDDE3003CED32 /* ViewController.swift */; };
		16801E02232EDDE3003CED32 /* Main.storyboard in Resources */ = {isa = PBXBuildFile; fileRef = 16801E00232EDDE3003CED32 /* Main.storyboard */; };
		16801E04232EDDE5003CED32 /* Assets.xcassets in Resources */ = {isa = PBXBuildFile; fileRef = 16801E03232EDDE5003CED32 /* Assets.xcassets */; };
		16801E07232EDDE5003CED32 /* LaunchScreen.storyboard in Resources */ = {isa = PBXBuildFile; fileRef = 16801E05232EDDE5003CED32 /* LaunchScreen.storyboard */; };
		16BDF5E72331CA730088C909 /* Webservice.swift in Sources */ = {isa = PBXBuildFile; fileRef = 16BDF5E62331CA730088C909 /* Webservice.swift */; };
		16BDF5E92331CC5C0088C909 /* NewsListTableViewController.swift in Sources */ = {isa = PBXBuildFile; fileRef = 16BDF5E82331CC5C0088C909 /* NewsListTableViewController.swift */; };
		16BDF5EC2331CE450088C909 /* Article.swift in Sources */ = {isa = PBXBuildFile; fileRef = 16BDF5EB2331CE450088C909 /* Article.swift */; };
		16BDF5EF2331D53E0088C909 /* ArticleViewModel.swift in Sources */ = {isa = PBXBuildFile; fileRef = 16BDF5EE2331D53E0088C909 /* ArticleViewModel.swift */; };
/* End PBXBuildFile section */

/* Begin PBXFileReference section */
		16801DF7232EDDE3003CED32 /* goodnews.app */ = {isa = PBXFileReference; explicitFileType = wrapper.application; includeInIndex = 0; path = goodnews.app; sourceTree = BUILT_PRODUCTS_DIR; };
		16801DFA232EDDE3003CED32 /* AppDelegate.swift */ = {isa = PBXFileReference; lastKnownFileType = sourcecode.swift; path = AppDelegate.swift; sourceTree = "<group>"; };
		16801DFC232EDDE3003CED32 /* SceneDelegate.swift */ = {isa = PBXFileReference; lastKnownFileType = sourcecode.swift; path = SceneDelegate.swift; sourceTree = "<group>"; };
		16801DFE232EDDE3003CED32 /* ViewController.swift */ = {isa = PBXFileReference; lastKnownFileType = sourcecode.swift; path = ViewController.swift; sourceTree = "<group>"; };
		16801E01232EDDE3003CED32 /* Base */ = {isa = PBXFileReference; lastKnownFileType = file.storyboard; name = Base; path = Base.lproj/Main.storyboard; sourceTree = "<group>"; };
		16801E03232EDDE5003CED32 /* Assets.xcassets */ = {isa = PBXFileReference; lastKnownFileType = folder.assetcatalog; path = Assets.xcassets; sourceTree = "<group>"; };
		16801E06232EDDE5003CED32 /* Base */ = {isa = PBXFileReference; lastKnownFileType = file.storyboard; name = Base; path = Base.lproj/LaunchScreen.storyboard; sourceTree = "<group>"; };
		16801E08232EDDE5003CED32 /* Info.plist */ = {isa = PBXFileReference; lastKnownFileType = text.plist.xml; path = Info.plist; sourceTree = "<group>"; };
		16BDF5E62331CA730088C909 /* Webservice.swift */ = {isa = PBXFileReference; lastKnownFileType = sourcecode.swift; path = Webservice.swift; sourceTree = "<group>"; };
		16BDF5E82331CC5C0088C909 /* NewsListTableViewController.swift */ = {isa = PBXFileReference; lastKnownFileType = sourcecode.swift; path = NewsListTableViewController.swift; sourceTree = "<group>"; };
		16BDF5EB2331CE450088C909 /* Article.swift */ = {isa = PBXFileReference; lastKnownFileType = sourcecode.swift; path = Article.swift; sourceTree = "<group>"; };
		16BDF5EE2331D53E0088C909 /* ArticleViewModel.swift */ = {isa = PBXFileReference; lastKnownFileType = sourcecode.swift; path = ArticleViewModel.swift; sourceTree = "<group>"; };
/* End PBXFileReference section */

/* Begin PBXFrameworksBuildPhase section */
		16801DF4232EDDE3003CED32 /* Frameworks */ = {
			isa = PBXFrameworksBuildPhase;
			buildActionMask = 2147483647;
			files = (
			);
			runOnlyForDeploymentPostprocessing = 0;
		};
/* End PBXFrameworksBuildPhase section */

/* Begin PBXGroup section */
		16801DEE232EDDE3003CED32 = {
			isa = PBXGroup;
			children = (
				16801DF9232EDDE3003CED32 /* goodnews */,
				16801DF8232EDDE3003CED32 /* Products */,
			);
			sourceTree = "<group>";
		};
		16801DF8232EDDE3003CED32 /* Products */ = {
			isa = PBXGroup;
			children = (
				16801DF7232EDDE3003CED32 /* goodnews.app */,
			);
			name = Products;
			sourceTree = "<group>";
		};
		16801DF9232EDDE3003CED32 /* goodnews */ = {
			isa = PBXGroup;
			children = (
				16BDF5ED2331D5240088C909 /* ViewModels */,
				16BDF5EA2331CE360088C909 /* Models */,
				16BDF5E52331CA5C0088C909 /* Controllers */,
				16BDF5E32331CA470088C909 /* Service */,
				16801DFA232EDDE3003CED32 /* AppDelegate.swift */,
				16801DFC232EDDE3003CED32 /* SceneDelegate.swift */,
				16801DFE232EDDE3003CED32 /* ViewController.swift */,
				16801E00232EDDE3003CED32 /* Main.storyboard */,
				16801E03232EDDE5003CED32 /* Assets.xcassets */,
				16801E05232EDDE5003CED32 /* LaunchScreen.storyboard */,
				16801E08232EDDE5003CED32 /* Info.plist */,
			);
			path = goodnews;
			sourceTree = "<group>";
		};
		16BDF5E32331CA470088C909 /* Service */ = {
			isa = PBXGroup;
			children = (
				16BDF5E62331CA730088C909 /* Webservice.swift */,
			);
			path = Service;
			sourceTree = "<group>";
		};
		16BDF5E52331CA5C0088C909 /* Controllers */ = {
			isa = PBXGroup;
			children = (
				16BDF5E82331CC5C0088C909 /* NewsListTableViewController.swift */,
			);
			path = Controllers;
			sourceTree = "<group>";
		};
		16BDF5EA2331CE360088C909 /* Models */ = {
			isa = PBXGroup;
			children = (
				16BDF5EB2331CE450088C909 /* Article.swift */,
			);
			path = Models;
			sourceTree = "<group>";
		};
		16BDF5ED2331D5240088C909 /* ViewModels */ = {
			isa = PBXGroup;
			children = (
				16BDF5EE2331D53E0088C909 /* ArticleViewModel.swift */,
			);
			path = ViewModels;
			sourceTree = "<group>";
		};
/* End PBXGroup section */

/* Begin PBXNativeTarget section */
		16801DF6232EDDE3003CED32 /* goodnews */ = {
			isa = PBXNativeTarget;
			buildConfigurationList = 16801E0B232EDDE5003CED32 /* Build configuration list for PBXNativeTarget "goodnews" */;
			buildPhases = (
				16801DF3232EDDE3003CED32 /* Sources */,
				16801DF4232EDDE3003CED32 /* Frameworks */,
				16801DF5232EDDE3003CED32 /* Resources */,
			);
			buildRules = (
			);
			dependencies = (
			);
			name = goodnews;
			productName = goodnews;
			productReference = 16801DF7232EDDE3003CED32 /* goodnews.app */;
			productType = "com.apple.product-type.application";
		};
/* End PBXNativeTarget section */

/* Begin PBXProject section */
		16801DEF232EDDE3003CED32 /* Project object */ = {
			isa = PBXProject;
			attributes = {
				LastSwiftUpdateCheck = 1100;
				LastUpgradeCheck = 1100;
				ORGANIZATIONNAME = "juliano jose dziadzio";
				TargetAttributes = {
					16801DF6232EDDE3003CED32 = {
						CreatedOnToolsVersion = 11.0;
					};
				};
			};
			buildConfigurationList = 16801DF2232EDDE3003CED32 /* Build configuration list for PBXProject "goodnews" */;
			compatibilityVersion = "Xcode 9.3";
			developmentRegion = en;
			hasScannedForEncodings = 0;
			knownRegions = (
				en,
				Base,
			);
			mainGroup = 16801DEE232EDDE3003CED32;
			productRefGroup = 16801DF8232EDDE3003CED32 /* Products */;
			projectDirPath = "";
			projectRoot = "";
			targets = (
				16801DF6232EDDE3003CED32 /* goodnews */,
			);
		};
/* End PBXProject section */

/* Begin PBXResourcesBuildPhase section */
		16801DF5232EDDE3003CED32 /* Resources */ = {
			isa = PBXResourcesBuildPhase;
			buildActionMask = 2147483647;
			files = (
				16801E07232EDDE5003CED32 /* LaunchScreen.storyboard in Resources */,
				16801E04232EDDE5003CED32 /* Assets.xcassets in Resources */,
				16801E02232EDDE3003CED32 /* Main.storyboard in Resources */,
			);
			runOnlyForDeploymentPostprocessing = 0;
		};
/* End PBXResourcesBuildPhase section */

/* Begin PBXSourcesBuildPhase section */
		16801DF3232EDDE3003CED32 /* Sources */ = {
			isa = PBXSourcesBuildPhase;
			buildActionMask = 2147483647;
			files = (
				16801DFF232EDDE3003CED32 /* ViewController.swift in Sources */,
				16801DFB232EDDE3003CED32 /* AppDelegate.swift in Sources */,
				16BDF5EC2331CE450088C909 /* Article.swift in Sources */,
				16BDF5E72331CA730088C909 /* Webservice.swift in Sources */,
				16BDF5E92331CC5C0088C909 /* NewsListTableViewController.swift in Sources */,
				16BDF5EF2331D53E0088C909 /* ArticleViewModel.swift in Sources */,
				16801DFD232EDDE3003CED32 /* SceneDelegate.swift in Sources */,
			);
			runOnlyForDeploymentPostprocessing = 0;
		};
/* End PBXSourcesBuildPhase section */

/* Begin PBXVariantGroup section */
		16801E00232EDDE3003CED32 /* Main.storyboard */ = {
			isa = PBXVariantGroup;
			children = (
				16801E01232EDDE3003CED32 /* Base */,
			);
			name = Main.storyboard;
			sourceTree = "<group>";
		};
		16801E05232EDDE5003CED32 /* LaunchScreen.storyboard */ = {
			isa = PBXVariantGroup;
			children = (
				16801E06232EDDE5003CED32 /* Base */,
			);
			name = LaunchScreen.storyboard;
			sourceTree = "<group>";
		};
/* End PBXVariantGroup section */

/* Begin XCBuildConfiguration section */
		16801E09232EDDE5003CED32 /* Debug */ = {
			isa = XCBuildConfiguration;
			buildSettings = {
				ALWAYS_SEARCH_USER_PATHS = NO;
				CLANG_ANALYZER_NONNULL = YES;
				CLANG_ANALYZER_NUMBER_OBJECT_CONVERSION = YES_AGGRESSIVE;
				CLANG_CXX_LANGUAGE_STANDARD = "gnu++14";
				CLANG_CXX_LIBRARY = "libc++";
				CLANG_ENABLE_MODULES = YES;
				CLANG_ENABLE_OBJC_ARC = YES;
				CLANG_ENABLE_OBJC_WEAK = YES;
				CLANG_WARN_BLOCK_CAPTURE_AUTORELEASING = YES;
				CLANG_WARN_BOOL_CONVERSION = YES;
				CLANG_WARN_COMMA = YES;
				CLANG_WARN_CONSTANT_CONVERSION = YES;
				CLANG_WARN_DEPRECATED_OBJC_IMPLEMENTATIONS = YES;
				CLANG_WARN_DIRECT_OBJC_ISA_USAGE = YES_ERROR;
				CLANG_WARN_DOCUMENTATION_COMMENTS = YES;
				CLANG_WARN_EMPTY_BODY = YES;
				CLANG_WARN_ENUM_CONVERSION = YES;
				CLANG_WARN_INFINITE_RECURSION = YES;
				CLANG_WARN_INT_CONVERSION = YES;
				CLANG_WARN_NON_LITERAL_NULL_CONVERSION = YES;
				CLANG_WARN_OBJC_IMPLICIT_RETAIN_SELF = YES;
				CLANG_WARN_OBJC_LITERAL_CONVERSION = YES;
				CLANG_WARN_OBJC_ROOT_CLASS = YES_ERROR;
				CLANG_WARN_RANGE_LOOP_ANALYSIS = YES;
				CLANG_WARN_STRICT_PROTOTYPES = YES;
				CLANG_WARN_SUSPICIOUS_MOVE = YES;
				CLANG_WARN_UNGUARDED_AVAILABILITY = YES_AGGRESSIVE;
				CLANG_WARN_UNREACHABLE_CODE = YES;
				CLANG_WARN__DUPLICATE_METHOD_MATCH = YES;
				COPY_PHASE_STRIP = NO;
				DEBUG_INFORMATION_FORMAT = dwarf;
				ENABLE_STRICT_OBJC_MSGSEND = YES;
				ENABLE_TESTABILITY = YES;
				GCC_C_LANGUAGE_STANDARD = gnu11;
				GCC_DYNAMIC_NO_PIC = NO;
				GCC_NO_COMMON_BLOCKS = YES;
				GCC_OPTIMIZATION_LEVEL = 0;
				GCC_PREPROCESSOR_DEFINITIONS = (
					"DEBUG=1",
					"$(inherited)",
				);
				GCC_WARN_64_TO_32_BIT_CONVERSION = YES;
				GCC_WARN_ABOUT_RETURN_TYPE = YES_ERROR;
				GCC_WARN_UNDECLARED_SELECTOR = YES;
				GCC_WARN_UNINITIALIZED_AUTOS = YES_AGGRESSIVE;
				GCC_WARN_UNUSED_FUNCTION = YES;
				GCC_WARN_UNUSED_VARIABLE = YES;
				IPHONEOS_DEPLOYMENT_TARGET = 13.0;
				MTL_ENABLE_DEBUG_INFO = INCLUDE_SOURCE;
				MTL_FAST_MATH = YES;
				ONLY_ACTIVE_ARCH = YES;
				SDKROOT = iphoneos;
				SWIFT_ACTIVE_COMPILATION_CONDITIONS = DEBUG;
				SWIFT_OPTIMIZATION_LEVEL = "-Onone";
			};
			name = Debug;
		};
		16801E0A232EDDE5003CED32 /* Release */ = {
			isa = XCBuildConfiguration;
			buildSettings = {
				ALWAYS_SEARCH_USER_PATHS = NO;
				CLANG_ANALYZER_NONNULL = YES;
				CLANG_ANALYZER_NUMBER_OBJECT_CONVERSION = YES_AGGRESSIVE;
				CLANG_CXX_LANGUAGE_STANDARD = "gnu++14";
				CLANG_CXX_LIBRARY = "libc++";
				CLANG_ENABLE_MODULES = YES;
				CLANG_ENABLE_OBJC_ARC = YES;
				CLANG_ENABLE_OBJC_WEAK = YES;
				CLANG_WARN_BLOCK_CAPTURE_AUTORELEASING = YES;
				CLANG_WARN_BOOL_CONVERSION = YES;
				CLANG_WARN_COMMA = YES;
				CLANG_WARN_CONSTANT_CONVERSION = YES;
				CLANG_WARN_DEPRECATED_OBJC_IMPLEMENTATIONS = YES;
				CLANG_WARN_DIRECT_OBJC_ISA_USAGE = YES_ERROR;
				CLANG_WARN_DOCUMENTATION_COMMENTS = YES;
				CLANG_WARN_EMPTY_BODY = YES;
				CLANG_WARN_ENUM_CONVERSION = YES;
				CLANG_WARN_INFINITE_RECURSION = YES;
				CLANG_WARN_INT_CONVERSION = YES;
				CLANG_WARN_NON_LITERAL_NULL_CONVERSION = YES;
				CLANG_WARN_OBJC_IMPLICIT_RETAIN_SELF = YES;
				CLANG_WARN_OBJC_LITERAL_CONVERSION = YES;
				CLANG_WARN_OBJC_ROOT_CLASS = YES_ERROR;
				CLANG_WARN_RANGE_LOOP_ANALYSIS = YES;
				CLANG_WARN_STRICT_PROTOTYPES = YES;
				CLANG_WARN_SUSPICIOUS_MOVE = YES;
				CLANG_WARN_UNGUARDED_AVAILABILITY = YES_AGGRESSIVE;
				CLANG_WARN_UNREACHABLE_CODE = YES;
				CLANG_WARN__DUPLICATE_METHOD_MATCH = YES;
				COPY_PHASE_STRIP = NO;
				DEBUG_INFORMATION_FORMAT = "dwarf-with-dsym";
				ENABLE_NS_ASSERTIONS = NO;
				ENABLE_STRICT_OBJC_MSGSEND = YES;
				GCC_C_LANGUAGE_STANDARD = gnu11;
				GCC_NO_COMMON_BLOCKS = YES;
				GCC_WARN_64_TO_32_BIT_CONVERSION = YES;
				GCC_WARN_ABOUT_RETURN_TYPE = YES_ERROR;
				GCC_WARN_UNDECLARED_SELECTOR = YES;
				GCC_WARN_UNINITIALIZED_AUTOS = YES_AGGRESSIVE;
				GCC_WARN_UNUSED_FUNCTION = YES;
				GCC_WARN_UNUSED_VARIABLE = YES;
				IPHONEOS_DEPLOYMENT_TARGET = 13.0;
				MTL_ENABLE_DEBUG_INFO = NO;
				MTL_FAST_MATH = YES;
				SDKROOT = iphoneos;
				SWIFT_COMPILATION_MODE = wholemodule;
				SWIFT_OPTIMIZATION_LEVEL = "-O";
				VALIDATE_PRODUCT = YES;
			};
			name = Release;
		};
		16801E0C232EDDE5003CED32 /* Debug */ = {
			isa = XCBuildConfiguration;
			buildSettings = {
				ASSETCATALOG_COMPILER_APPICON_NAME = AppIcon;
				CODE_SIGN_STYLE = Automatic;
				INFOPLIST_FILE = goodnews/Info.plist;
				LD_RUNPATH_SEARCH_PATHS = (
					"$(inherited)",
					"@executable_path/Frameworks",
				);
				PRODUCT_BUNDLE_IDENTIFIER = jjd.goodnews;
				PRODUCT_NAME = "$(TARGET_NAME)";
				SWIFT_VERSION = 5.0;
				TARGETED_DEVICE_FAMILY = "1,2";
			};
			name = Debug;
		};
		16801E0D232EDDE5003CED32 /* Release */ = {
			isa = XCBuildConfiguration;
			buildSettings = {
				ASSETCATALOG_COMPILER_APPICON_NAME = AppIcon;
				CODE_SIGN_STYLE = Automatic;
				INFOPLIST_FILE = goodnews/Info.plist;
				LD_RUNPATH_SEARCH_PATHS = (
					"$(inherited)",
					"@executable_path/Frameworks",
				);
				PRODUCT_BUNDLE_IDENTIFIER = jjd.goodnews;
				PRODUCT_NAME = "$(TARGET_NAME)";
				SWIFT_VERSION = 5.0;
				TARGETED_DEVICE_FAMILY = "1,2";
			};
			name = Release;
		};
/* End XCBuildConfiguration section */

/* Begin XCConfigurationList section */
		16801DF2232EDDE3003CED32 /* Build configuration list for PBXProject "goodnews" */ = {
			isa = XCConfigurationList;
			buildConfigurations = (
				16801E09232EDDE5003CED32 /* Debug */,
				16801E0A232EDDE5003CED32 /* Release */,
			);
			defaultConfigurationIsVisible = 0;
			defaultConfigurationName = Release;
		};
		16801E0B232EDDE5003CED32 /* Build configuration list for PBXNativeTarget "goodnews" */ = {
			isa = XCConfigurationList;
			buildConfigurations = (
				16801E0C232EDDE5003CED32 /* Debug */,
				16801E0D232EDDE5003CED32 /* Release */,
			);
			defaultConfigurationIsVisible = 0;
			defaultConfigurationName = Release;
		};
/* End XCConfigurationList section */
	};
	rootObject = 16801DEF232EDDE3003CED32 /* Project object */;
}
